
Microsoft Visual Studio Solution File, Format Version 12.00
# Visual Studio Version 17
VisualStudioVersion = 17.14.36202.13
MinimumVisualStudioVersion = 10.0.40219.1
Project("{FAE04EC0-301F-11D3-BF4B-00C04F79EFBC}") = "Restoran Console App", "Restoran Console App.csproj", "{46719780-60D3-479C-937F-EFE6B1669837}"
EndProject
Global
	GlobalSection(SolutionConfigurationPlatforms) = preSolution
		Debug|Any CPU = Debug|Any CPU
		Release|Any CPU = Release|Any CPU
	EndGlobalSection
	GlobalSection(ProjectConfigurationPlatforms) = postSolution
		{46719780-60D3-479C-937F-EFE6B1669837}.Debug|Any CPU.ActiveCfg = Debug|Any CPU
		{46719780-60D3-479C-937F-EFE6B1669837}.Debug|Any CPU.Build.0 = Debug|Any CPU
		{46719780-60D3-479C-937F-EFE6B1669837}.Release|Any CPU.ActiveCfg = Release|Any CPU
		{46719780-60D3-479C-937F-EFE6B1669837}.Release|Any CPU.Build.0 = Release|Any CPU
	EndGlobalSection
	GlobalSection(SolutionProperties) = preSolution
		HideSolutionNode = FALSE
	EndGlobalSection
	GlobalSection(ExtensibilityGlobals) = postSolution
		SolutionGuid = {04496540-E4BE-4745-9E44-AF9BCE770B53}
	EndGlobalSection
EndGlobal
